
Microsoft Visual Studio Solution File, Format Version 12.00
# Visual Studio 15
VisualStudioVersion = 15.0.27130.2036
MinimumVisualStudioVersion = 10.0.40219.1
Project("{F2A71F9B-5D33-465A-A702-920D77279786}") = "FsDojo", "FsDojo\FsDojo.fsproj", "{1E31119B-DEBF-4EEA-B3AC-FA520D0803BA}"
EndProject
Global
	GlobalSection(SolutionConfigurationPlatforms) = preSolution
		Debug|Any CPU = Debug|Any CPU
		Release|Any CPU = Release|Any CPU
	EndGlobalSection
	GlobalSection(ProjectConfigurationPlatforms) = postSolution
		{1E31119B-DEBF-4EEA-B3AC-FA520D0803BA}.Debug|Any CPU.ActiveCfg = Debug|Any CPU
		{1E31119B-DEBF-4EEA-B3AC-FA520D0803BA}.Debug|Any CPU.Build.0 = Debug|Any CPU
		{1E31119B-DEBF-4EEA-B3AC-FA520D0803BA}.Release|Any CPU.ActiveCfg = Release|Any CPU
		{1E31119B-DEBF-4EEA-B3AC-FA520D0803BA}.Release|Any CPU.Build.0 = Release|Any CPU
	EndGlobalSection
	GlobalSection(SolutionProperties) = preSolution
		HideSolutionNode = FALSE
	EndGlobalSection
	GlobalSection(ExtensibilityGlobals) = postSolution
		SolutionGuid = {709F65C4-64A2-4B41-B710-56892FF91E3F}
	EndGlobalSection
EndGlobal
